{
  "name": "rekon",
  "version": "1.0.0",
  "lockfileVersion": 3,
  "requires": true,
  "packages": {
    "": {
      "name": "rekon",
      "version": "1.0.0",
      "license": "Apache-2.0",
      "workspaces": [
        "packages/*"
      ],
      "devDependencies": {
        "@types/node": "^20.12.12",
        "typescript": "^5.4.5"
      },
      "engines": {
        "node": "^20.12 || ^22 || ^24"
      }
    },
    "node_modules/@rekon/capability-docs": {
      "resolved": "packages/capability-docs",
      "link": true
    },
    "node_modules/@rekon/capability-graph": {
      "resolved": "packages/capability-graph",
      "link": true
    },
    "node_modules/@rekon/capability-intent": {
      "resolved": "packages/capability-intent",
      "link": true
    },
    "node_modules/@rekon/capability-js-ts": {
      "resolved": "packages/capability-js-ts",
      "link": true
    },
    "node_modules/@rekon/capability-memory": {
      "resolved": "packages/capability-memory",
      "link": true
    },
    "node_modules/@rekon/capability-model": {
      "resolved": "packages/capability-model",
      "link": true
    },
    "node_modules/@rekon/capability-ontology": {
      "resolved": "packages/capability-ontology",
      "link": true
    },
    "node_modules/@rekon/capability-policy": {
      "resolved": "packages/capability-policy",
      "link": true
    },
    "node_modules/@rekon/capability-reconcile": {
      "resolved": "packages/capability-reconcile",
      "link": true
    },
    "node_modules/@rekon/capability-resolver": {
      "resolved": "packages/capability-resolver",
      "link": true
    },
    "node_modules/@rekon/capability-verify": {
      "resolved": "packages/capability-verify",
      "link": true
    },
    "node_modules/@rekon/cli": {
      "resolved": "packages/cli",
      "link": true
    },
    "node_modules/@rekon/kernel-artifacts": {
      "resolved": "packages/kernel-artifacts",
      "link": true
    },
    "node_modules/@rekon/kernel-evidence": {
      "resolved": "packages/kernel-evidence",
      "link": true
    },
    "node_modules/@rekon/kernel-findings": {
      "resolved": "packages/kernel-findings",
      "link": true
    },
    "node_modules/@rekon/kernel-graph": {
      "resolved": "packages/kernel-graph",
      "link": true
    },
    "node_modules/@rekon/kernel-repo-model": {
      "resolved": "packages/kernel-repo-model",
      "link": true
    },
    "node_modules/@rekon/kernel-rulebook": {
      "resolved": "packages/kernel-rulebook",
      "link": true
    },
    "node_modules/@rekon/kernel-snapshot": {
      "resolved": "packages/kernel-snapshot",
      "link": true
    },
    "node_modules/@rekon/runtime": {
      "resolved": "packages/runtime",
      "link": true
    },
    "node_modules/@rekon/sdk": {
      "resolved": "packages/sdk",
      "link": true
    },
    "node_modules/@types/node": {
      "version": "20.19.41",
      "resolved": "https://registry.npmjs.org/@types/node/-/node-20.19.41.tgz",
      "integrity": "sha512-ECymXOukMnOoVkC2bb1Vc/w/836DXncOg5m8Xj1RH7xSHZJWNYY6Zh7EH477vcnD5egKNNfy2RpNOmuChhFPgQ==",
      "dev": true,
      "license": "MIT",
      "dependencies": {
        "undici-types": "~6.21.0"
      }
    },
    "node_modules/typescript": {
      "version": "5.9.3",
      "resolved": "https://registry.npmjs.org/typescript/-/typescript-5.9.3.tgz",
      "integrity": "sha512-jl1vZzPDinLr9eUt3J/t7V6FgNEw9QjvBPdysz9KfQDD41fQrC2Y4vKQdiaUpFT4bXlb1RHhLpp8wtm6M5TgSw==",
      "license": "Apache-2.0",
      "bin": {
        "tsc": "bin/tsc",
        "tsserver": "bin/tsserver"
      },
      "engines": {
        "node": ">=14.17"
      }
    },
    "node_modules/undici-types": {
      "version": "6.21.0",
      "resolved": "https://registry.npmjs.org/undici-types/-/undici-types-6.21.0.tgz",
      "integrity": "sha512-iwDZqg0QAGrg9Rav5H4n0M64c3mkR59cJ6wQp+7C4nI0gsmExaedaYLNO44eT4AtBBwjbTiGPMlt2Md0T9H9JQ==",
      "dev": true,
      "license": "MIT"
    },
    "packages/capability-docs": {
      "name": "@rekon/capability-docs",
      "version": "1.0.0",
      "license": "Apache-2.0",
      "dependencies": {
        "@rekon/capability-intent": "1.0.0",
        "@rekon/kernel-artifacts": "1.0.0",
        "@rekon/kernel-findings": "1.0.0",
        "@rekon/kernel-repo-model": "1.0.0",
        "@rekon/kernel-snapshot": "1.0.0",
        "@rekon/sdk": "1.0.0"
      },
      "devDependencies": {
        "@rekon/runtime": "1.0.0"
      }
    },
    "packages/capability-graph": {
      "name": "@rekon/capability-graph",
      "version": "1.0.0",
      "license": "Apache-2.0",
      "dependencies": {
        "@rekon/kernel-artifacts": "1.0.0",
        "@rekon/kernel-graph": "1.0.0",
        "@rekon/sdk": "1.0.0"
      },
      "devDependencies": {
        "@rekon/runtime": "1.0.0"
      }
    },
    "packages/capability-intent": {
      "name": "@rekon/capability-intent",
      "version": "1.0.0",
      "license": "Apache-2.0",
      "dependencies": {
        "@rekon/kernel-artifacts": "1.0.0",
        "@rekon/kernel-findings": "1.0.0",
        "@rekon/sdk": "1.0.0"
      },
      "devDependencies": {
        "@rekon/runtime": "1.0.0"
      }
    },
    "packages/capability-js-ts": {
      "name": "@rekon/capability-js-ts",
      "version": "1.0.0",
      "license": "Apache-2.0",
      "dependencies": {
        "@rekon/kernel-artifacts": "1.0.0",
        "@rekon/kernel-evidence": "1.0.0",
        "@rekon/sdk": "1.0.0",
        "typescript": "^5.4.5"
      }
    },
    "packages/capability-memory": {
      "name": "@rekon/capability-memory",
      "version": "1.0.0",
      "license": "Apache-2.0",
      "dependencies": {
        "@rekon/kernel-artifacts": "1.0.0",
        "@rekon/sdk": "1.0.0"
      },
      "devDependencies": {
        "@rekon/runtime": "1.0.0"
      }
    },
    "packages/capability-model": {
      "name": "@rekon/capability-model",
      "version": "1.0.0",
      "license": "Apache-2.0",
      "dependencies": {
        "@rekon/kernel-artifacts": "1.0.0",
        "@rekon/kernel-repo-model": "1.0.0",
        "@rekon/sdk": "1.0.0"
      },
      "devDependencies": {
        "@rekon/runtime": "1.0.0"
      }
    },
    "packages/capability-ontology": {
      "name": "@rekon/capability-ontology",
      "version": "1.0.0",
      "license": "Apache-2.0",
      "dependencies": {
        "@rekon/kernel-artifacts": "1.0.0",
        "@rekon/kernel-evidence": "1.0.0",
        "@rekon/kernel-repo-model": "1.0.0",
        "@rekon/sdk": "1.0.0"
      },
      "devDependencies": {
        "@rekon/runtime": "1.0.0"
      }
    },
    "packages/capability-policy": {
      "name": "@rekon/capability-policy",
      "version": "1.0.0",
      "license": "Apache-2.0",
      "dependencies": {
        "@rekon/kernel-artifacts": "1.0.0",
        "@rekon/kernel-findings": "1.0.0",
        "@rekon/sdk": "1.0.0"
      },
      "devDependencies": {
        "@rekon/runtime": "1.0.0"
      }
    },
    "packages/capability-reconcile": {
      "name": "@rekon/capability-reconcile",
      "version": "1.0.0",
      "license": "Apache-2.0",
      "dependencies": {
        "@rekon/kernel-artifacts": "1.0.0",
        "@rekon/kernel-findings": "1.0.0",
        "@rekon/sdk": "1.0.0"
      },
      "devDependencies": {
        "@rekon/runtime": "1.0.0"
      }
    },
    "packages/capability-resolver": {
      "name": "@rekon/capability-resolver",
      "version": "1.0.0",
      "license": "Apache-2.0",
      "dependencies": {
        "@rekon/capability-intent": "1.0.0",
        "@rekon/kernel-artifacts": "1.0.0",
        "@rekon/kernel-findings": "1.0.0",
        "@rekon/kernel-repo-model": "1.0.0",
        "@rekon/kernel-snapshot": "1.0.0",
        "@rekon/sdk": "1.0.0"
      }
    },
    "packages/capability-verify": {
      "name": "@rekon/capability-verify",
      "version": "1.0.0",
      "license": "Apache-2.0",
      "dependencies": {
        "@rekon/capability-intent": "1.0.0",
        "@rekon/kernel-artifacts": "1.0.0",
        "@rekon/sdk": "1.0.0"
      }
    },
    "packages/cli": {
      "name": "@rekon/cli",
      "version": "1.0.0",
      "license": "Apache-2.0",
      "dependencies": {
        "@rekon/capability-docs": "1.0.0",
        "@rekon/capability-graph": "1.0.0",
        "@rekon/capability-intent": "1.0.0",
        "@rekon/capability-js-ts": "1.0.0",
        "@rekon/capability-memory": "1.0.0",
        "@rekon/capability-model": "1.0.0",
        "@rekon/capability-ontology": "1.0.0",
        "@rekon/capability-policy": "1.0.0",
        "@rekon/capability-reconcile": "1.0.0",
        "@rekon/capability-resolver": "1.0.0",
        "@rekon/capability-verify": "1.0.0",
        "@rekon/kernel-artifacts": "1.0.0",
        "@rekon/kernel-findings": "1.0.0",
        "@rekon/kernel-repo-model": "1.0.0",
        "@rekon/runtime": "1.0.0",
        "@rekon/sdk": "1.0.0"
      },
      "bin": {
        "rekon": "dist/index.js"
      }
    },
    "packages/kernel-artifacts": {
      "name": "@rekon/kernel-artifacts",
      "version": "1.0.0",
      "license": "Apache-2.0"
    },
    "packages/kernel-evidence": {
      "name": "@rekon/kernel-evidence",
      "version": "1.0.0",
      "license": "Apache-2.0",
      "dependencies": {
        "@rekon/kernel-artifacts": "1.0.0"
      }
    },
    "packages/kernel-findings": {
      "name": "@rekon/kernel-findings",
      "version": "1.0.0",
      "license": "Apache-2.0",
      "dependencies": {
        "@rekon/kernel-artifacts": "1.0.0"
      }
    },
    "packages/kernel-graph": {
      "name": "@rekon/kernel-graph",
      "version": "1.0.0",
      "license": "Apache-2.0",
      "dependencies": {
        "@rekon/kernel-artifacts": "1.0.0"
      }
    },
    "packages/kernel-repo-model": {
      "name": "@rekon/kernel-repo-model",
      "version": "1.0.0",
      "license": "Apache-2.0",
      "dependencies": {
        "@rekon/kernel-artifacts": "1.0.0"
      }
    },
    "packages/kernel-rulebook": {
      "name": "@rekon/kernel-rulebook",
      "version": "1.0.0",
      "license": "Apache-2.0",
      "dependencies": {
        "@rekon/kernel-artifacts": "1.0.0"
      }
    },
    "packages/kernel-snapshot": {
      "name": "@rekon/kernel-snapshot",
      "version": "1.0.0",
      "license": "Apache-2.0",
      "dependencies": {
        "@rekon/kernel-artifacts": "1.0.0"
      }
    },
    "packages/runtime": {
      "name": "@rekon/runtime",
      "version": "1.0.0",
      "license": "Apache-2.0",
      "dependencies": {
        "@rekon/kernel-artifacts": "1.0.0",
        "@rekon/kernel-evidence": "1.0.0",
        "@rekon/kernel-findings": "1.0.0",
        "@rekon/kernel-repo-model": "1.0.0",
        "@rekon/kernel-snapshot": "1.0.0",
        "@rekon/sdk": "1.0.0"
      }
    },
    "packages/sdk": {
      "name": "@rekon/sdk",
      "version": "1.0.0",
      "license": "Apache-2.0",
      "dependencies": {
        "@rekon/kernel-artifacts": "1.0.0",
        "@rekon/kernel-evidence": "1.0.0"
      }
    }
  }
}
